
Microsoft Visual Studio Solution File, Format Version 12.00
# Visual Studio Version 17
VisualStudioVersion = 17.9.34728.123
MinimumVisualStudioVersion = 10.0.40219.1
Project("{F184B08F-C81C-45F6-A57F-5ABD9991F28F}") = "Sistema Matricula", "Sistema Matricula\Sistema Matricula.vbproj", "{E6AFD2A6-4485-459F-80AF-EE8BD0B86EEB}"
EndProject
Global
	GlobalSection(SolutionConfigurationPlatforms) = preSolution
		Debug|Any CPU = Debug|Any CPU
		Release|Any CPU = Release|Any CPU
	EndGlobalSection
	GlobalSection(ProjectConfigurationPlatforms) = postSolution
		{E6AFD2A6-4485-459F-80AF-EE8BD0B86EEB}.Debug|Any CPU.ActiveCfg = Debug|Any CPU
		{E6AFD2A6-4485-459F-80AF-EE8BD0B86EEB}.Debug|Any CPU.Build.0 = Debug|Any CPU
		{E6AFD2A6-4485-459F-80AF-EE8BD0B86EEB}.Release|Any CPU.ActiveCfg = Release|Any CPU
		{E6AFD2A6-4485-459F-80AF-EE8BD0B86EEB}.Release|Any CPU.Build.0 = Release|Any CPU
	EndGlobalSection
	GlobalSection(SolutionProperties) = preSolution
		HideSolutionNode = FALSE
	EndGlobalSection
	GlobalSection(ExtensibilityGlobals) = postSolution
		SolutionGuid = {6B3D2104-C40F-4CE3-8609-CC842336B96B}
	EndGlobalSection
EndGlobal
